
Microsoft Visual Studio Solution File, Format Version 12.00
# Visual Studio 15
VisualStudioVersion = 15.0.28307.168
MinimumVisualStudioVersion = 10.0.40219.1
Project("{FAE04EC0-301F-11D3-BF4B-00C04F79EFBC}") = "HarleyAuthService", "HarleyAuthService\HarleyAuthService.csproj", "{D0283598-3B94-4640-9471-CF4AA79007B7}"
EndProject
Global
	GlobalSection(SolutionConfigurationPlatforms) = preSolution
		Debug|Any CPU = Debug|Any CPU
		Release|Any CPU = Release|Any CPU
	EndGlobalSection
	GlobalSection(ProjectConfigurationPlatforms) = postSolution
		{D0283598-3B94-4640-9471-CF4AA79007B7}.Debug|Any CPU.ActiveCfg = Debug|Any CPU
		{D0283598-3B94-4640-9471-CF4AA79007B7}.Debug|Any CPU.Build.0 = Debug|Any CPU
		{D0283598-3B94-4640-9471-CF4AA79007B7}.Release|Any CPU.ActiveCfg = Release|Any CPU
		{D0283598-3B94-4640-9471-CF4AA79007B7}.Release|Any CPU.Build.0 = Release|Any CPU
	EndGlobalSection
	GlobalSection(SolutionProperties) = preSolution
		HideSolutionNode = FALSE
	EndGlobalSection
	GlobalSection(ExtensibilityGlobals) = postSolution
		SolutionGuid = {AC80477A-CD67-4984-BF8B-6E95769B7FA5}
	EndGlobalSection
EndGlobal
