
Microsoft Visual Studio Solution File, Format Version 12.00
# Visual Studio 15
VisualStudioVersion = 15.0.28307.168
MinimumVisualStudioVersion = 10.0.40219.1
Project("{FAE04EC0-301F-11D3-BF4B-00C04F79EFBC}") = "HarleyAuthXamarin.Android", "HarleyAuthXamarin\HarleyAuthXamarin.Android\HarleyAuthXamarin.Android.csproj", "{5F675309-826E-48CC-994D-69926DAADD98}"
EndProject
Project("{FAE04EC0-301F-11D3-BF4B-00C04F79EFBC}") = "HarleyAuthXamarin.iOS", "HarleyAuthXamarin\HarleyAuthXamarin.iOS\HarleyAuthXamarin.iOS.csproj", "{704F306B-43EC-4294-830D-18B06A6ED300}"
EndProject
Project("{FAE04EC0-301F-11D3-BF4B-00C04F79EFBC}") = "HarleyAuthXamarin", "HarleyAuthXamarin\HarleyAuthXamarin\HarleyAuthXamarin.csproj", "{CDD58CA5-A232-4C72-ACE7-DD8DE20915B2}"
EndProject
Global
	GlobalSection(SolutionConfigurationPlatforms) = preSolution
		Ad-Hoc|Any CPU = Ad-Hoc|Any CPU
		Ad-Hoc|iPhone = Ad-Hoc|iPhone
		Ad-Hoc|iPhoneSimulator = Ad-Hoc|iPhoneSimulator
		AppStore|Any CPU = AppStore|Any CPU
		AppStore|iPhone = AppStore|iPhone
		AppStore|iPhoneSimulator = AppStore|iPhoneSimulator
		Debug|Any CPU = Debug|Any CPU
		Debug|iPhone = Debug|iPhone
		Debug|iPhoneSimulator = Debug|iPhoneSimulator
		Release|Any CPU = Release|Any CPU
		Release|iPhone = Release|iPhone
		Release|iPhoneSimulator = Release|iPhoneSimulator
	EndGlobalSection
	GlobalSection(ProjectConfigurationPlatforms) = postSolution
		{5F675309-826E-48CC-994D-69926DAADD98}.Ad-Hoc|Any CPU.ActiveCfg = Release|Any CPU
		{5F675309-826E-48CC-994D-69926DAADD98}.Ad-Hoc|Any CPU.Build.0 = Release|Any CPU
		{5F675309-826E-48CC-994D-69926DAADD98}.Ad-Hoc|Any CPU.Deploy.0 = Release|Any CPU
		{5F675309-826E-48CC-994D-69926DAADD98}.Ad-Hoc|iPhone.ActiveCfg = Release|Any CPU
		{5F675309-826E-48CC-994D-69926DAADD98}.Ad-Hoc|iPhone.Build.0 = Release|Any CPU
		{5F675309-826E-48CC-994D-69926DAADD98}.Ad-Hoc|iPhone.Deploy.0 = Release|Any CPU
		{5F675309-826E-48CC-994D-69926DAADD98}.Ad-Hoc|iPhoneSimulator.ActiveCfg = Release|Any CPU
		{5F675309-826E-48CC-994D-69926DAADD98}.Ad-Hoc|iPhoneSimulator.Build.0 = Release|Any CPU
		{5F675309-826E-48CC-994D-69926DAADD98}.Ad-Hoc|iPhoneSimulator.Deploy.0 = Release|Any CPU
		{5F675309-826E-48CC-994D-69926DAADD98}.AppStore|Any CPU.ActiveCfg = Release|Any CPU
		{5F675309-826E-48CC-994D-69926DAADD98}.AppStore|Any CPU.Build.0 = Release|Any CPU
		{5F675309-826E-48CC-994D-69926DAADD98}.AppStore|Any CPU.Deploy.0 = Release|Any CPU
		{5F675309-826E-48CC-994D-69926DAADD98}.AppStore|iPhone.ActiveCfg = Release|Any CPU
		{5F675309-826E-48CC-994D-69926DAADD98}.AppStore|iPhone.Build.0 = Release|Any CPU
		{5F675309-826E-48CC-994D-69926DAADD98}.AppStore|iPhone.Deploy.0 = Release|Any CPU
		{5F675309-826E-48CC-994D-69926DAADD98}.AppStore|iPhoneSimulator.ActiveCfg = Release|Any CPU
		{5F675309-826E-48CC-994D-69926DAADD98}.AppStore|iPhoneSimulator.Build.0 = Release|Any CPU
		{5F675309-826E-48CC-994D-69926DAADD98}.AppStore|iPhoneSimulator.Deploy.0 = Release|Any CPU
		{5F675309-826E-48CC-994D-69926DAADD98}.Debug|Any CPU.ActiveCfg = Debug|Any CPU
		{5F675309-826E-48CC-994D-69926DAADD98}.Debug|Any CPU.Build.0 = Debug|Any CPU
		{5F675309-826E-48CC-994D-69926DAADD98}.Debug|Any CPU.Deploy.0 = Debug|Any CPU
		{5F675309-826E-48CC-994D-69926DAADD98}.Debug|iPhone.ActiveCfg = Debug|Any CPU
		{5F675309-826E-48CC-994D-69926DAADD98}.Debug|iPhone.Build.0 = Debug|Any CPU
		{5F675309-826E-48CC-994D-69926DAADD98}.Debug|iPhone.Deploy.0 = Debug|Any CPU
		{5F675309-826E-48CC-994D-69926DAADD98}.Debug|iPhoneSimulator.ActiveCfg = Debug|Any CPU
		{5F675309-826E-48CC-994D-69926DAADD98}.Debug|iPhoneSimulator.Build.0 = Debug|Any CPU
		{5F675309-826E-48CC-994D-69926DAADD98}.Debug|iPhoneSimulator.Deploy.0 = Debug|Any CPU
		{5F675309-826E-48CC-994D-69926DAADD98}.Release|Any CPU.ActiveCfg = Release|Any CPU
		{5F675309-826E-48CC-994D-69926DAADD98}.Release|Any CPU.Build.0 = Release|Any CPU
		{5F675309-826E-48CC-994D-69926DAADD98}.Release|Any CPU.Deploy.0 = Release|Any CPU
		{5F675309-826E-48CC-994D-69926DAADD98}.Release|iPhone.ActiveCfg = Release|Any CPU
		{5F675309-826E-48CC-994D-69926DAADD98}.Release|iPhone.Build.0 = Release|Any CPU
		{5F675309-826E-48CC-994D-69926DAADD98}.Release|iPhone.Deploy.0 = Release|Any CPU
		{5F675309-826E-48CC-994D-69926DAADD98}.Release|iPhoneSimulator.ActiveCfg = Release|Any CPU
		{5F675309-826E-48CC-994D-69926DAADD98}.Release|iPhoneSimulator.Build.0 = Release|Any CPU
		{5F675309-826E-48CC-994D-69926DAADD98}.Release|iPhoneSimulator.Deploy.0 = Release|Any CPU
		{704F306B-43EC-4294-830D-18B06A6ED300}.Ad-Hoc|Any CPU.ActiveCfg = Ad-Hoc|iPhone
		{704F306B-43EC-4294-830D-18B06A6ED300}.Ad-Hoc|Any CPU.Build.0 = Ad-Hoc|iPhone
		{704F306B-43EC-4294-830D-18B06A6ED300}.Ad-Hoc|Any CPU.Deploy.0 = Ad-Hoc|iPhone
		{704F306B-43EC-4294-830D-18B06A6ED300}.Ad-Hoc|iPhone.ActiveCfg = Ad-Hoc|iPhone
		{704F306B-43EC-4294-830D-18B06A6ED300}.Ad-Hoc|iPhone.Build.0 = Ad-Hoc|iPhone
		{704F306B-43EC-4294-830D-18B06A6ED300}.Ad-Hoc|iPhone.Deploy.0 = Ad-Hoc|iPhone
		{704F306B-43EC-4294-830D-18B06A6ED300}.Ad-Hoc|iPhoneSimulator.ActiveCfg = Ad-Hoc|iPhoneSimulator
		{704F306B-43EC-4294-830D-18B06A6ED300}.Ad-Hoc|iPhoneSimulator.Build.0 = Ad-Hoc|iPhoneSimulator
		{704F306B-43EC-4294-830D-18B06A6ED300}.Ad-Hoc|iPhoneSimulator.Deploy.0 = Ad-Hoc|iPhoneSimulator
		{704F306B-43EC-4294-830D-18B06A6ED300}.AppStore|Any CPU.ActiveCfg = AppStore|iPhone
		{704F306B-43EC-4294-830D-18B06A6ED300}.AppStore|Any CPU.Build.0 = AppStore|iPhone
		{704F306B-43EC-4294-830D-18B06A6ED300}.AppStore|Any CPU.Deploy.0 = AppStore|iPhone
		{704F306B-43EC-4294-830D-18B06A6ED300}.AppStore|iPhone.ActiveCfg = AppStore|iPhone
		{704F306B-43EC-4294-830D-18B06A6ED300}.AppStore|iPhone.Build.0 = AppStore|iPhone
		{704F306B-43EC-4294-830D-18B06A6ED300}.AppStore|iPhone.Deploy.0 = AppStore|iPhone
		{704F306B-43EC-4294-830D-18B06A6ED300}.AppStore|iPhoneSimulator.ActiveCfg = AppStore|iPhoneSimulator
		{704F306B-43EC-4294-830D-18B06A6ED300}.AppStore|iPhoneSimulator.Build.0 = AppStore|iPhoneSimulator
		{704F306B-43EC-4294-830D-18B06A6ED300}.AppStore|iPhoneSimulator.Deploy.0 = AppStore|iPhoneSimulator
		{704F306B-43EC-4294-830D-18B06A6ED300}.Debug|Any CPU.ActiveCfg = Debug|iPhoneSimulator
		{704F306B-43EC-4294-830D-18B06A6ED300}.Debug|Any CPU.Build.0 = Debug|iPhoneSimulator
		{704F306B-43EC-4294-830D-18B06A6ED300}.Debug|Any CPU.Deploy.0 = Debug|iPhoneSimulator
		{704F306B-43EC-4294-830D-18B06A6ED300}.Debug|iPhone.ActiveCfg = Debug|iPhone
		{704F306B-43EC-4294-830D-18B06A6ED300}.Debug|iPhone.Build.0 = Debug|iPhone
		{704F306B-43EC-4294-830D-18B06A6ED300}.Debug|iPhone.Deploy.0 = Debug|iPhone
		{704F306B-43EC-4294-830D-18B06A6ED300}.Debug|iPhoneSimulator.ActiveCfg = Debug|iPhoneSimulator
		{704F306B-43EC-4294-830D-18B06A6ED300}.Debug|iPhoneSimulator.Build.0 = Debug|iPhoneSimulator
		{704F306B-43EC-4294-830D-18B06A6ED300}.Debug|iPhoneSimulator.Deploy.0 = Debug|iPhoneSimulator
		{704F306B-43EC-4294-830D-18B06A6ED300}.Release|Any CPU.ActiveCfg = Release|iPhone
		{704F306B-43EC-4294-830D-18B06A6ED300}.Release|Any CPU.Build.0 = Release|iPhone
		{704F306B-43EC-4294-830D-18B06A6ED300}.Release|Any CPU.Deploy.0 = Release|iPhone
		{704F306B-43EC-4294-830D-18B06A6ED300}.Release|iPhone.ActiveCfg = Release|iPhone
		{704F306B-43EC-4294-830D-18B06A6ED300}.Release|iPhone.Build.0 = Release|iPhone
		{704F306B-43EC-4294-830D-18B06A6ED300}.Release|iPhone.Deploy.0 = Release|iPhone
		{704F306B-43EC-4294-830D-18B06A6ED300}.Release|iPhoneSimulator.ActiveCfg = Release|iPhoneSimulator
		{704F306B-43EC-4294-830D-18B06A6ED300}.Release|iPhoneSimulator.Build.0 = Release|iPhoneSimulator
		{704F306B-43EC-4294-830D-18B06A6ED300}.Release|iPhoneSimulator.Deploy.0 = Release|iPhoneSimulator
		{CDD58CA5-A232-4C72-ACE7-DD8DE20915B2}.Ad-Hoc|Any CPU.ActiveCfg = Debug|Any CPU
		{CDD58CA5-A232-4C72-ACE7-DD8DE20915B2}.Ad-Hoc|Any CPU.Build.0 = Debug|Any CPU
		{CDD58CA5-A232-4C72-ACE7-DD8DE20915B2}.Ad-Hoc|Any CPU.Deploy.0 = Debug|Any CPU
		{CDD58CA5-A232-4C72-ACE7-DD8DE20915B2}.Ad-Hoc|iPhone.ActiveCfg = Debug|Any CPU
		{CDD58CA5-A232-4C72-ACE7-DD8DE20915B2}.Ad-Hoc|iPhone.Build.0 = Debug|Any CPU
		{CDD58CA5-A232-4C72-ACE7-DD8DE20915B2}.Ad-Hoc|iPhone.Deploy.0 = Debug|Any CPU
		{CDD58CA5-A232-4C72-ACE7-DD8DE20915B2}.Ad-Hoc|iPhoneSimulator.ActiveCfg = Debug|Any CPU
		{CDD58CA5-A232-4C72-ACE7-DD8DE20915B2}.Ad-Hoc|iPhoneSimulator.Build.0 = Debug|Any CPU
		{CDD58CA5-A232-4C72-ACE7-DD8DE20915B2}.Ad-Hoc|iPhoneSimulator.Deploy.0 = Debug|Any CPU
		{CDD58CA5-A232-4C72-ACE7-DD8DE20915B2}.AppStore|Any CPU.ActiveCfg = Debug|Any CPU
		{CDD58CA5-A232-4C72-ACE7-DD8DE20915B2}.AppStore|Any CPU.Build.0 = Debug|Any CPU
		{CDD58CA5-A232-4C72-ACE7-DD8DE20915B2}.AppStore|Any CPU.Deploy.0 = Debug|Any CPU
		{CDD58CA5-A232-4C72-ACE7-DD8DE20915B2}.AppStore|iPhone.ActiveCfg = Debug|Any CPU
		{CDD58CA5-A232-4C72-ACE7-DD8DE20915B2}.AppStore|iPhone.Build.0 = Debug|Any CPU
		{CDD58CA5-A232-4C72-ACE7-DD8DE20915B2}.AppStore|iPhone.Deploy.0 = Debug|Any CPU
		{CDD58CA5-A232-4C72-ACE7-DD8DE20915B2}.AppStore|iPhoneSimulator.ActiveCfg = Debug|Any CPU
		{CDD58CA5-A232-4C72-ACE7-DD8DE20915B2}.AppStore|iPhoneSimulator.Build.0 = Debug|Any CPU
		{CDD58CA5-A232-4C72-ACE7-DD8DE20915B2}.AppStore|iPhoneSimulator.Deploy.0 = Debug|Any CPU
		{CDD58CA5-A232-4C72-ACE7-DD8DE20915B2}.Debug|Any CPU.ActiveCfg = Debug|Any CPU
		{CDD58CA5-A232-4C72-ACE7-DD8DE20915B2}.Debug|Any CPU.Build.0 = Debug|Any CPU
		{CDD58CA5-A232-4C72-ACE7-DD8DE20915B2}.Debug|Any CPU.Deploy.0 = Debug|Any CPU
		{CDD58CA5-A232-4C72-ACE7-DD8DE20915B2}.Debug|iPhone.ActiveCfg = Debug|Any CPU
		{CDD58CA5-A232-4C72-ACE7-DD8DE20915B2}.Debug|iPhone.Build.0 = Debug|Any CPU
		{CDD58CA5-A232-4C72-ACE7-DD8DE20915B2}.Debug|iPhone.Deploy.0 = Debug|Any CPU
		{CDD58CA5-A232-4C72-ACE7-DD8DE20915B2}.Debug|iPhoneSimulator.ActiveCfg = Debug|Any CPU
		{CDD58CA5-A232-4C72-ACE7-DD8DE20915B2}.Debug|iPhoneSimulator.Build.0 = Debug|Any CPU
		{CDD58CA5-A232-4C72-ACE7-DD8DE20915B2}.Debug|iPhoneSimulator.Deploy.0 = Debug|Any CPU
		{CDD58CA5-A232-4C72-ACE7-DD8DE20915B2}.Release|Any CPU.ActiveCfg = Release|Any CPU
		{CDD58CA5-A232-4C72-ACE7-DD8DE20915B2}.Release|Any CPU.Build.0 = Release|Any CPU
		{CDD58CA5-A232-4C72-ACE7-DD8DE20915B2}.Release|Any CPU.Deploy.0 = Release|Any CPU
		{CDD58CA5-A232-4C72-ACE7-DD8DE20915B2}.Release|iPhone.ActiveCfg = Release|Any CPU
		{CDD58CA5-A232-4C72-ACE7-DD8DE20915B2}.Release|iPhone.Build.0 = Release|Any CPU
		{CDD58CA5-A232-4C72-ACE7-DD8DE20915B2}.Release|iPhone.Deploy.0 = Release|Any CPU
		{CDD58CA5-A232-4C72-ACE7-DD8DE20915B2}.Release|iPhoneSimulator.ActiveCfg = Release|Any CPU
		{CDD58CA5-A232-4C72-ACE7-DD8DE20915B2}.Release|iPhoneSimulator.Build.0 = Release|Any CPU
		{CDD58CA5-A232-4C72-ACE7-DD8DE20915B2}.Release|iPhoneSimulator.Deploy.0 = Release|Any CPU
	EndGlobalSection
	GlobalSection(SolutionProperties) = preSolution
		HideSolutionNode = FALSE
	EndGlobalSection
	GlobalSection(ExtensibilityGlobals) = postSolution
		SolutionGuid = {B6E6132F-19CD-482C-BC76-28F691005497}
	EndGlobalSection
EndGlobal
